// !$*UTF8*$!
{
	archiveVersion = 1;
	classes = {
	};
	objectVersion = 46;
	objects = {

/* Begin PBXBuildFile section */
		7777B56119C914E2002C9A04 /* AppDelegate.swift in Sources */ = {isa = PBXBuildFile; fileRef = 7777B56019C914E2002C9A04 /* AppDelegate.swift */; };
		7777B56319C914E2002C9A04 /* ViewController.swift in Sources */ = {isa = PBXBuildFile; fileRef = 7777B56219C914E2002C9A04 /* ViewController.swift */; };
		7777B56619C914E2002C9A04 /* Main.storyboard in Resources */ = {isa = PBXBuildFile; fileRef = 7777B56419C914E2002C9A04 /* Main.storyboard */; };
		7777B56819C914E2002C9A04 /* Images.xcassets in Resources */ = {isa = PBXBuildFile; fileRef = 7777B56719C914E2002C9A04 /* Images.xcassets */; };
		7777B56B19C914E2002C9A04 /* LaunchScreen.xib in Resources */ = {isa = PBXBuildFile; fileRef = 7777B56919C914E2002C9A04 /* LaunchScreen.xib */; };
		7777B57719C914E2002C9A04 /* PostcardTests.swift in Sources */ = {isa = PBXBuildFile; fileRef = 7777B57619C914E2002C9A04 /* PostcardTests.swift */; };
/* End PBXBuildFile section */

/* Begin PBXContainerItemProxy section */
		7777B57119C914E2002C9A04 /* PBXContainerItemProxy */ = {
			isa = PBXContainerItemProxy;
			containerPortal = 7777B55319C914E2002C9A04 /* Project object */;
			proxyType = 1;
			remoteGlobalIDString = 7777B55A19C914E2002C9A04;
			remoteInfo = Postcard;
		};
/* End PBXContainerItemProxy section */

/* Begin PBXFileReference section */
		7777B55B19C914E2002C9A04 /* Postcard.app */ = {isa = PBXFileReference; explicitFileType = wrapper.application; includeInIndex = 0; path = Postcard.app; sourceTree = BUILT_PRODUCTS_DIR; };
		7777B55F19C914E2002C9A04 /* Info.plist */ = {isa = PBXFileReference; lastKnownFileType = text.plist.xml; path = Info.plist; sourceTree = "<group>"; };
		7777B56019C914E2002C9A04 /* AppDelegate.swift */ = {isa = PBXFileReference; lastKnownFileType = sourcecode.swift; path = AppDelegate.swift; sourceTree = "<group>"; };
		7777B56219C914E2002C9A04 /* ViewController.swift */ = {isa = PBXFileReference; lastKnownFileType = sourcecode.swift; path = ViewController.swift; sourceTree = "<group>"; };
		7777B56519C914E2002C9A04 /* Base */ = {isa = PBXFileReference; lastKnownFileType = file.storyboard; name = Base; path = Base.lproj/Main.storyboard; sourceTree = "<group>"; };
		7777B56719C914E2002C9A04 /* Images.xcassets */ = {isa = PBXFileReference; lastKnownFileType = folder.assetcatalog; path = Images.xcassets; sourceTree = "<group>"; };
		7777B56A19C914E2002C9A04 /* Base */ = {isa = PBXFileReference; lastKnownFileType = file.xib; name = Base; path = Base.lproj/LaunchScreen.xib; sourceTree = "<group>"; };
		7777B57019C914E2002C9A04 /* PostcardTests.xctest */ = {isa = PBXFileReference; explicitFileType = wrapper.cfbundle; includeInIndex = 0; path = PostcardTests.xctest; sourceTree = BUILT_PRODUCTS_DIR; };
		7777B57519C914E2002C9A04 /* Info.plist */ = {isa = PBXFileReference; lastKnownFileType = text.plist.xml; path = Info.plist; sourceTree = "<group>"; };
		7777B57619C914E2002C9A04 /* PostcardTests.swift */ = {isa = PBXFileReference; lastKnownFileType = sourcecode.swift; path = PostcardTests.swift; sourceTree = "<group>"; };
/* End PBXFileReference section */

/* Begin PBXFrameworksBuildPhase section */
		7777B55819C914E2002C9A04 /* Frameworks */ = {
			isa = PBXFrameworksBuildPhase;
			buildActionMask = 2147483647;
			files = (
			);
			runOnlyForDeploymentPostprocessing = 0;
		};
		7777B56D19C914E2002C9A04 /* Frameworks */ = {
			isa = PBXFrameworksBuildPhase;
			buildActionMask = 2147483647;
			files = (
			);
			runOnlyForDeploymentPostprocessing = 0;
		};
/* End PBXFrameworksBuildPhase section */

/* Begin PBXGroup section */
		7777B55219C914E2002C9A04 = {
			isa = PBXGroup;
			children = (
				7777B55D19C914E2002C9A04 /* Postcard */,
				7777B57319C914E2002C9A04 /* PostcardTests */,
				7777B55C19C914E2002C9A04 /* Products */,
			);
			sourceTree = "<group>";
		};
		7777B55C19C914E2002C9A04 /* Products */ = {
			isa = PBXGroup;
			children = (
				7777B55B19C914E2002C9A04 /* Postcard.app */,
				7777B57019C914E2002C9A04 /* PostcardTests.xctest */,
			);
			name = Products;
			sourceTree = "<group>";
		};
		7777B55D19C914E2002C9A04 /* Postcard */ = {
			isa = PBXGroup;
			children = (
				7777B56019C914E2002C9A04 /* AppDelegate.swift */,
				7777B56219C914E2002C9A04 /* ViewController.swift */,
				7777B56419C914E2002C9A04 /* Main.storyboard */,
				7777B56719C914E2002C9A04 /* Images.xcassets */,
				7777B56919C914E2002C9A04 /* LaunchScreen.xib */,
				7777B55E19C914E2002C9A04 /* Supporting Files */,
			);
			path = Postcard;
			sourceTree = "<group>";
		};
		7777B55E19C914E2002C9A04 /* Supporting Files */ = {
			isa = PBXGroup;
			children = (
				7777B55F19C914E2002C9A04 /* Info.plist */,
			);
			name = "Supporting Files";
			sourceTree = "<group>";
		};
		7777B57319C914E2002C9A04 /* PostcardTests */ = {
			isa = PBXGroup;
			children = (
				7777B57619C914E2002C9A04 /* PostcardTests.swift */,
				7777B57419C914E2002C9A04 /* Supporting Files */,
			);
			path = PostcardTests;
			sourceTree = "<group>";
		};
		7777B57419C914E2002C9A04 /* Supporting Files */ = {
			isa = PBXGroup;
			children = (
				7777B57519C914E2002C9A04 /* Info.plist */,
			);
			name = "Supporting Files";
			sourceTree = "<group>";
		};
/* End PBXGroup section */

/* Begin PBXNativeTarget section */
		7777B55A19C914E2002C9A04 /* Postcard */ = {
			isa = PBXNativeTarget;
			buildConfigurationList = 7777B57A19C914E2002C9A04 /* Build configuration list for PBXNativeTarget "Postcard" */;
			buildPhases = (
				7777B55719C914E2002C9A04 /* Sources */,
				7777B55819C914E2002C9A04 /* Frameworks */,
				7777B55919C914E2002C9A04 /* Resources */,
			);
			buildRules = (
			);
			dependencies = (
			);
			name = Postcard;
			productName = Postcard;
			productReference = 7777B55B19C914E2002C9A04 /* Postcard.app */;
			productType = "com.apple.product-type.application";
		};
		7777B56F19C914E2002C9A04 /* PostcardTests */ = {
			isa = PBXNativeTarget;
			buildConfigurationList = 7777B57D19C914E2002C9A04 /* Build configuration list for PBXNativeTarget "PostcardTests" */;
			buildPhases = (
				7777B56C19C914E2002C9A04 /* Sources */,
				7777B56D19C914E2002C9A04 /* Frameworks */,
				7777B56E19C914E2002C9A04 /* Resources */,
			);
			buildRules = (
			);
			dependencies = (
				7777B57219C914E2002C9A04 /* PBXTargetDependency */,
			);
			name = PostcardTests;
			productName = PostcardTests;
			productReference = 7777B57019C914E2002C9A04 /* PostcardTests.xctest */;
			productType = "com.apple.product-type.bundle.unit-test";
		};
/* End PBXNativeTarget section */

/* Begin PBXProject section */
		7777B55319C914E2002C9A04 /* Project object */ = {
			isa = PBXProject;
			attributes = {
				LastUpgradeCheck = 0600;
				ORGANIZATIONNAME = bitfountain.ioCourse1;
				TargetAttributes = {
					7777B55A19C914E2002C9A04 = {
						CreatedOnToolsVersion = 6.0;
					};
					7777B56F19C914E2002C9A04 = {
						CreatedOnToolsVersion = 6.0;
						TestTargetID = 7777B55A19C914E2002C9A04;
					};
				};
			};
			buildConfigurationList = 7777B55619C914E2002C9A04 /* Build configuration list for PBXProject "Postcard" */;
			compatibilityVersion = "Xcode 3.2";
			developmentRegion = English;
			hasScannedForEncodings = 0;
			knownRegions = (
				en,
				Base,
			);
			mainGroup = 7777B55219C914E2002C9A04;
			productRefGroup = 7777B55C19C914E2002C9A04 /* Products */;
			projectDirPath = "";
			projectRoot = "";
			targets = (
				7777B55A19C914E2002C9A04 /* Postcard */,
				7777B56F19C914E2002C9A04 /* PostcardTests */,
			);
		};
/* End PBXProject section */

/* Begin PBXResourcesBuildPhase section */
		7777B55919C914E2002C9A04 /* Resources */ = {
			isa = PBXResourcesBuildPhase;
			buildActionMask = 2147483647;
			files = (
				7777B56619C914E2002C9A04 /* Main.storyboard in Resources */,
				7777B56B19C914E2002C9A04 /* LaunchScreen.xib in Resources */,
				7777B56819C914E2002C9A04 /* Images.xcassets in Resources */,
			);
			runOnlyForDeploymentPostprocessing = 0;
		};
		7777B56E19C914E2002C9A04 /* Resources */ = {
			isa = PBXResourcesBuildPhase;
			buildActionMask = 2147483647;
			files = (
			);
			runOnlyForDeploymentPostprocessing = 0;
		};
/* End PBXResourcesBuildPhase section */

/* Begin PBXSourcesBuildPhase section */
		7777B55719C914E2002C9A04 /* Sources */ = {
			isa = PBXSourcesBuildPhase;
			buildActionMask = 2147483647;
			files = (
				7777B56319C914E2002C9A04 /* ViewController.swift in Sources */,
				7777B56119C914E2002C9A04 /* AppDelegate.swift in Sources */,
			);
			runOnlyForDeploymentPostprocessing = 0;
		};
		7777B56C19C914E2002C9A04 /* Sources */ = {
			isa = PBXSourcesBuildPhase;
			buildActionMask = 2147483647;
			files = (
				7777B57719C914E2002C9A04 /* PostcardTests.swift in Sources */,
			);
			runOnlyForDeploymentPostprocessing = 0;
		};
/* End PBXSourcesBuildPhase section */

/* Begin PBXTargetDependency section */
		7777B57219C914E2002C9A04 /* PBXTargetDependency */ = {
			isa = PBXTargetDependency;
			target = 7777B55A19C914E2002C9A04 /* Postcard */;
			targetProxy = 7777B57119C914E2002C9A04 /* PBXContainerItemProxy */;
		};
/* End PBXTargetDependency section */

/* Begin PBXVariantGroup section */
		7777B56419C914E2002C9A04 /* Main.storyboard */ = {
			isa = PBXVariantGroup;
			children = (
				7777B56519C914E2002C9A04 /* Base */,
			);
			name = Main.storyboard;
			sourceTree = "<group>";
		};
		7777B56919C914E2002C9A04 /* LaunchScreen.xib */ = {
			isa = PBXVariantGroup;
			children = (
				7777B56A19C914E2002C9A04 /* Base */,
			);
			name = LaunchScreen.xib;
			sourceTree = "<group>";
		};
/* End PBXVariantGroup section */

/* Begin XCBuildConfiguration section */
		7777B57819C914E2002C9A04 /* Debug */ = {
			isa = XCBuildConfiguration;
			buildSettings = {
				ALWAYS_SEARCH_USER_PATHS = NO;
				CLANG_CXX_LANGUAGE_STANDARD = "gnu++0x";
				CLANG_CXX_LIBRARY = "libc++";
				CLANG_ENABLE_MODULES = YES;
				CLANG_ENABLE_OBJC_ARC = YES;
				CLANG_WARN_BOOL_CONVERSION = YES;
				CLANG_WARN_CONSTANT_CONVERSION = YES;
				CLANG_WARN_DIRECT_OBJC_ISA_USAGE = YES_ERROR;
				CLANG_WARN_EMPTY_BODY = YES;
				CLANG_WARN_ENUM_CONVERSION = YES;
				CLANG_WARN_INT_CONVERSION = YES;
				CLANG_WARN_OBJC_ROOT_CLASS = YES_ERROR;
				CLANG_WARN_UNREACHABLE_CODE = YES;
				CLANG_WARN__DUPLICATE_METHOD_MATCH = YES;
				"CODE_SIGN_IDENTITY[sdk=iphoneos*]" = "iPhone Developer";
				COPY_PHASE_STRIP = NO;
				ENABLE_STRICT_OBJC_MSGSEND = YES;
				GCC_C_LANGUAGE_STANDARD = gnu99;
				GCC_DYNAMIC_NO_PIC = NO;
				GCC_OPTIMIZATION_LEVEL = 0;
				GCC_PREPROCESSOR_DEFINITIONS = (
					"DEBUG=1",
					"$(inherited)",
				);
				GCC_SYMBOLS_PRIVATE_EXTERN = NO;
				GCC_WARN_64_TO_32_BIT_CONVERSION = YES;
				GCC_WARN_ABOUT_RETURN_TYPE = YES_ERROR;
				GCC_WARN_UNDECLARED_SELECTOR = YES;
				GCC_WARN_UNINITIALIZED_AUTOS = YES_AGGRESSIVE;
				GCC_WARN_UNUSED_FUNCTION = YES;
				GCC_WARN_UNUSED_VARIABLE = YES;
				IPHONEOS_DEPLOYMENT_TARGET = 8.0;
				MTL_ENABLE_DEBUG_INFO = YES;
				ONLY_ACTIVE_ARCH = YES;
				SDKROOT = iphoneos;
				SWIFT_OPTIMIZATION_LEVEL = "-Onone";
			};
			name = Debug;
		};
		7777B57919C914E2002C9A04 /* Release */ = {
			isa = XCBuildConfiguration;
			buildSettings = {
				ALWAYS_SEARCH_USER_PATHS = NO;
				CLANG_CXX_LANGUAGE_STANDARD = "gnu++0x";
				CLANG_CXX_LIBRARY = "libc++";
				CLANG_ENABLE_MODULES = YES;
				CLANG_ENABLE_OBJC_ARC = YES;
				CLANG_WARN_BOOL_CONVERSION = YES;
				CLANG_WARN_CONSTANT_CONVERSION = YES;
				CLANG_WARN_DIRECT_OBJC_ISA_USAGE = YES_ERROR;
				CLANG_WARN_EMPTY_BODY = YES;
				CLANG_WARN_ENUM_CONVERSION = YES;
				CLANG_WARN_INT_CONVERSION = YES;
				CLANG_WARN_OBJC_ROOT_CLASS = YES_ERROR;
				CLANG_WARN_UNREACHABLE_CODE = YES;
				CLANG_WARN__DUPLICATE_METHOD_MATCH = YES;
				"CODE_SIGN_IDENTITY[sdk=iphoneos*]" = "iPhone Developer";
				COPY_PHASE_STRIP = YES;
				ENABLE_NS_ASSERTIONS = NO;
				ENABLE_STRICT_OBJC_MSGSEND = YES;
				GCC_C_LANGUAGE_STANDARD = gnu99;
				GCC_WARN_64_TO_32_BIT_CONVERSION = YES;
				GCC_WARN_ABOUT_RETURN_TYPE = YES_ERROR;
				GCC_WARN_UNDECLARED_SELECTOR = YES;
				GCC_WARN_UNINITIALIZED_AUTOS = YES_AGGRESSIVE;
				GCC_WARN_UNUSED_FUNCTION = YES;
				GCC_WARN_UNUSED_VARIABLE = YES;
				IPHONEOS_DEPLOYMENT_TARGET = 8.0;
				MTL_ENABLE_DEBUG_INFO = NO;
				SDKROOT = iphoneos;
				VALIDATE_PRODUCT = YES;
			};
			name = Release;
		};
		7777B57B19C914E2002C9A04 /* Debug */ = {
			isa = XCBuildConfiguration;
			buildSettings = {
				ASSETCATALOG_COMPILER_APPICON_NAME = AppIcon;
				INFOPLIST_FILE = Postcard/Info.plist;
				LD_RUNPATH_SEARCH_PATHS = "$(inherited) @executable_path/Frameworks";
				PRODUCT_NAME = "$(TARGET_NAME)";
			};
			name = Debug;
		};
		7777B57C19C914E2002C9A04 /* Release */ = {
			isa = XCBuildConfiguration;
			buildSettings = {
				ASSETCATALOG_COMPILER_APPICON_NAME = AppIcon;
				INFOPLIST_FILE = Postcard/Info.plist;
				LD_RUNPATH_SEARCH_PATHS = "$(inherited) @executable_path/Frameworks";
				PRODUCT_NAME = "$(TARGET_NAME)";
			};
			name = Release;
		};
		7777B57E19C914E2002C9A04 /* Debug */ = {
			isa = XCBuildConfiguration;
			buildSettings = {
				BUNDLE_LOADER = "$(TEST_HOST)";
				FRAMEWORK_SEARCH_PATHS = (
					"$(SDKROOT)/Developer/Library/Frameworks",
					"$(inherited)",
				);
				GCC_PREPROCESSOR_DEFINITIONS = (
					"DEBUG=1",
					"$(inherited)",
				);
				INFOPLIST_FILE = PostcardTests/Info.plist;
				LD_RUNPATH_SEARCH_PATHS = "$(inherited) @executable_path/Frameworks @loader_path/Frameworks";
				PRODUCT_NAME = "$(TARGET_NAME)";
				TEST_HOST = "$(BUILT_PRODUCTS_DIR)/Postcard.app/Postcard";
			};
			name = Debug;
		};
		7777B57F19C914E2002C9A04 /* Release */ = {
			isa = XCBuildConfiguration;
			buildSettings = {
				BUNDLE_LOADER = "$(TEST_HOST)";
				FRAMEWORK_SEARCH_PATHS = (
					"$(SDKROOT)/Developer/Library/Frameworks",
					"$(inherited)",
				);
				INFOPLIST_FILE = PostcardTests/Info.plist;
				LD_RUNPATH_SEARCH_PATHS = "$(inherited) @executable_path/Frameworks @loader_path/Frameworks";
				PRODUCT_NAME = "$(TARGET_NAME)";
				TEST_HOST = "$(BUILT_PRODUCTS_DIR)/Postcard.app/Postcard";
			};
			name = Release;
		};
/* End XCBuildConfiguration section */

/* Begin XCConfigurationList section */
		7777B55619C914E2002C9A04 /* Build configuration list for PBXProject "Postcard" */ = {
			isa = XCConfigurationList;
			buildConfigurations = (
				7777B57819C914E2002C9A04 /* Debug */,
				7777B57919C914E2002C9A04 /* Release */,
			);
			defaultConfigurationIsVisible = 0;
			defaultConfigurationName = Release;
		};
		7777B57A19C914E2002C9A04 /* Build configuration list for PBXNativeTarget "Postcard" */ = {
			isa = XCConfigurationList;
			buildConfigurations = (
				7777B57B19C914E2002C9A04 /* Debug */,
				7777B57C19C914E2002C9A04 /* Release */,
			);
			defaultConfigurationIsVisible = 0;
		};
		7777B57D19C914E2002C9A04 /* Build configuration list for PBXNativeTarget "PostcardTests" */ = {
			isa = XCConfigurationList;
			buildConfigurations = (
				7777B57E19C914E2002C9A04 /* Debug */,
				7777B57F19C914E2002C9A04 /* Release */,
			);
			defaultConfigurationIsVisible = 0;
		};
/* End XCConfigurationList section */
	};
	rootObject = 7777B55319C914E2002C9A04 /* Project object */;
}
